
Microsoft Visual Studio Solution File, Format Version 12.00
# Visual Studio Version 17
VisualStudioVersion = 17.3.32901.215
MinimumVisualStudioVersion = 10.0.40219.1
Project("{FAE04EC0-301F-11D3-BF4B-00C04F79EFBC}") = "TadataNet.Api", "TadataNet.Api\TadataNet.Api.csproj", "{4A703853-22AC-4309-9F29-07FA2A790CDF}"
EndProject
Project("{FAE04EC0-301F-11D3-BF4B-00C04F79EFBC}") = "TadataNet.Web", "..\TadataNet.Web\TadataNet.Web.csproj", "{845F7208-7718-4B29-B882-C5FCAC678372}"
EndProject
Global
	GlobalSection(SolutionConfigurationPlatforms) = preSolution
		Debug|Any CPU = Debug|Any CPU
		Release|Any CPU = Release|Any CPU
	EndGlobalSection
	GlobalSection(ProjectConfigurationPlatforms) = postSolution
		{4A703853-22AC-4309-9F29-07FA2A790CDF}.Debug|Any CPU.ActiveCfg = Debug|Any CPU
		{4A703853-22AC-4309-9F29-07FA2A790CDF}.Debug|Any CPU.Build.0 = Debug|Any CPU
		{4A703853-22AC-4309-9F29-07FA2A790CDF}.Release|Any CPU.ActiveCfg = Release|Any CPU
		{4A703853-22AC-4309-9F29-07FA2A790CDF}.Release|Any CPU.Build.0 = Release|Any CPU
		{845F7208-7718-4B29-B882-C5FCAC678372}.Debug|Any CPU.ActiveCfg = Debug|Any CPU
		{845F7208-7718-4B29-B882-C5FCAC678372}.Debug|Any CPU.Build.0 = Debug|Any CPU
		{845F7208-7718-4B29-B882-C5FCAC678372}.Release|Any CPU.ActiveCfg = Release|Any CPU
		{845F7208-7718-4B29-B882-C5FCAC678372}.Release|Any CPU.Build.0 = Release|Any CPU
	EndGlobalSection
	GlobalSection(SolutionProperties) = preSolution
		HideSolutionNode = FALSE
	EndGlobalSection
	GlobalSection(ExtensibilityGlobals) = postSolution
		SolutionGuid = {C825E174-5DF6-44C5-8239-FCE7D8818930}
	EndGlobalSection
EndGlobal
